// !$*UTF8*$!
{
	archiveVersion = 1;
	classes = {
	};
	objectVersion = 51;
	objects = {

/* Begin PBXBuildFile section */
		18D6AB7643C44E0D7DA4A0E1 /* Pods_WaveCodeTask.framework in Frameworks */ = {isa = PBXBuildFile; fileRef = D6BF79BA626EA37A55F29EC5 /* Pods_WaveCodeTask.framework */; };
		46EAD39F736BE63E48C77E74 /* Pods_WaveCodeTaskTests.framework in Frameworks */ = {isa = PBXBuildFile; fileRef = EAA8325B318490A356D9FC14 /* Pods_WaveCodeTaskTests.framework */; };
		4984E69726EC98F60064BEDE /* AppDelegate.swift in Sources */ = {isa = PBXBuildFile; fileRef = 4984E69626EC98F60064BEDE /* AppDelegate.swift */; };
		4984E69B26EC98F60064BEDE /* ViewController.swift in Sources */ = {isa = PBXBuildFile; fileRef = 4984E69A26EC98F60064BEDE /* ViewController.swift */; };
		4984E6A026EC98F70064BEDE /* Assets.xcassets in Resources */ = {isa = PBXBuildFile; fileRef = 4984E69F26EC98F70064BEDE /* Assets.xcassets */; };
		4984E6A326EC98F70064BEDE /* LaunchScreen.storyboard in Resources */ = {isa = PBXBuildFile; fileRef = 4984E6A126EC98F70064BEDE /* LaunchScreen.storyboard */; };
		4984E6C826EC9E230064BEDE /* AppDelegateTests.swift in Sources */ = {isa = PBXBuildFile; fileRef = 4984E6C726EC9E230064BEDE /* AppDelegateTests.swift */; };
		4984E6D026ECA1730064BEDE /* GitHubAPI.swift in Sources */ = {isa = PBXBuildFile; fileRef = 4984E6CF26ECA1730064BEDE /* GitHubAPI.swift */; };
		4984E6D226EDB7990064BEDE /* APIManager.swift in Sources */ = {isa = PBXBuildFile; fileRef = 4984E6D126EDB7990064BEDE /* APIManager.swift */; };
		4984E6D426EDB83B0064BEDE /* GithubSearchResult.swift in Sources */ = {isa = PBXBuildFile; fileRef = 4984E6D326EDB83B0064BEDE /* GithubSearchResult.swift */; };
		4984E6D626EDB8570064BEDE /* PageInfo.swift in Sources */ = {isa = PBXBuildFile; fileRef = 4984E6D526EDB8570064BEDE /* PageInfo.swift */; };
		4984E6D726EDB8990064BEDE /* User.swift in Sources */ = {isa = PBXBuildFile; fileRef = 4984E6CC26ECA0F10064BEDE /* User.swift */; };
		4984E6DA26EDB9780064BEDE /* APIManager+Search.swift in Sources */ = {isa = PBXBuildFile; fileRef = 4984E6D926EDB9780064BEDE /* APIManager+Search.swift */; };
		4984E6DD26EDBC230064BEDE /* APIManager+Observables.swift in Sources */ = {isa = PBXBuildFile; fileRef = 4984E6DC26EDBC230064BEDE /* APIManager+Observables.swift */; };
		4984E6DF26EDC4D90064BEDE /* ParserHelper.swift in Sources */ = {isa = PBXBuildFile; fileRef = 4984E6DE26EDC4D90064BEDE /* ParserHelper.swift */; };
		4984E6E126EDD0DD0064BEDE /* GitHubServiceError.swift in Sources */ = {isa = PBXBuildFile; fileRef = 4984E6E026EDD0DD0064BEDE /* GitHubServiceError.swift */; };
/* End PBXBuildFile section */

/* Begin PBXContainerItemProxy section */
		4984E6AA26EC98F80064BEDE /* PBXContainerItemProxy */ = {
			isa = PBXContainerItemProxy;
			containerPortal = 4984E68B26EC98F60064BEDE /* Project object */;
			proxyType = 1;
			remoteGlobalIDString = 4984E69226EC98F60064BEDE;
			remoteInfo = WaveCodeTask;
		};
/* End PBXContainerItemProxy section */

/* Begin PBXFileReference section */
		10A23C6D89950CC9DBF322DB /* Pods-WaveCodeTaskTests.debug.xcconfig */ = {isa = PBXFileReference; includeInIndex = 1; lastKnownFileType = text.xcconfig; name = "Pods-WaveCodeTaskTests.debug.xcconfig"; path = "Target Support Files/Pods-WaveCodeTaskTests/Pods-WaveCodeTaskTests.debug.xcconfig"; sourceTree = "<group>"; };
		4984E69326EC98F60064BEDE /* WaveCodeTask.app */ = {isa = PBXFileReference; explicitFileType = wrapper.application; includeInIndex = 0; path = WaveCodeTask.app; sourceTree = BUILT_PRODUCTS_DIR; };
		4984E69626EC98F60064BEDE /* AppDelegate.swift */ = {isa = PBXFileReference; lastKnownFileType = sourcecode.swift; path = AppDelegate.swift; sourceTree = "<group>"; };
		4984E69A26EC98F60064BEDE /* ViewController.swift */ = {isa = PBXFileReference; lastKnownFileType = sourcecode.swift; path = ViewController.swift; sourceTree = "<group>"; };
		4984E69F26EC98F70064BEDE /* Assets.xcassets */ = {isa = PBXFileReference; lastKnownFileType = folder.assetcatalog; path = Assets.xcassets; sourceTree = "<group>"; };
		4984E6A226EC98F70064BEDE /* Base */ = {isa = PBXFileReference; lastKnownFileType = file.storyboard; name = Base; path = Base.lproj/LaunchScreen.storyboard; sourceTree = "<group>"; };
		4984E6A426EC98F70064BEDE /* Info.plist */ = {isa = PBXFileReference; lastKnownFileType = text.plist.xml; path = Info.plist; sourceTree = "<group>"; };
		4984E6A926EC98F80064BEDE /* WaveCodeTaskTests.xctest */ = {isa = PBXFileReference; explicitFileType = wrapper.cfbundle; includeInIndex = 0; path = WaveCodeTaskTests.xctest; sourceTree = BUILT_PRODUCTS_DIR; };
		4984E6AF26EC98F80064BEDE /* Info.plist */ = {isa = PBXFileReference; lastKnownFileType = text.plist.xml; path = Info.plist; sourceTree = "<group>"; };
		4984E6C726EC9E230064BEDE /* AppDelegateTests.swift */ = {isa = PBXFileReference; lastKnownFileType = sourcecode.swift; path = AppDelegateTests.swift; sourceTree = "<group>"; };
		4984E6CC26ECA0F10064BEDE /* User.swift */ = {isa = PBXFileReference; lastKnownFileType = sourcecode.swift; path = User.swift; sourceTree = "<group>"; };
		4984E6CF26ECA1730064BEDE /* GitHubAPI.swift */ = {isa = PBXFileReference; lastKnownFileType = sourcecode.swift; path = GitHubAPI.swift; sourceTree = "<group>"; };
		4984E6D126EDB7990064BEDE /* APIManager.swift */ = {isa = PBXFileReference; lastKnownFileType = sourcecode.swift; path = APIManager.swift; sourceTree = "<group>"; };
		4984E6D326EDB83B0064BEDE /* GithubSearchResult.swift */ = {isa = PBXFileReference; lastKnownFileType = sourcecode.swift; path = GithubSearchResult.swift; sourceTree = "<group>"; };
		4984E6D526EDB8570064BEDE /* PageInfo.swift */ = {isa = PBXFileReference; lastKnownFileType = sourcecode.swift; path = PageInfo.swift; sourceTree = "<group>"; };
		4984E6D926EDB9780064BEDE /* APIManager+Search.swift */ = {isa = PBXFileReference; lastKnownFileType = sourcecode.swift; path = "APIManager+Search.swift"; sourceTree = "<group>"; };
		4984E6DC26EDBC230064BEDE /* APIManager+Observables.swift */ = {isa = PBXFileReference; lastKnownFileType = sourcecode.swift; path = "APIManager+Observables.swift"; sourceTree = "<group>"; };
		4984E6DE26EDC4D90064BEDE /* ParserHelper.swift */ = {isa = PBXFileReference; lastKnownFileType = sourcecode.swift; path = ParserHelper.swift; sourceTree = "<group>"; };
		4984E6E026EDD0DD0064BEDE /* GitHubServiceError.swift */ = {isa = PBXFileReference; lastKnownFileType = sourcecode.swift; path = GitHubServiceError.swift; sourceTree = "<group>"; };
		498A3D37B30741F23218B53A /* Pods-WaveCodeTaskTests.release.xcconfig */ = {isa = PBXFileReference; includeInIndex = 1; lastKnownFileType = text.xcconfig; name = "Pods-WaveCodeTaskTests.release.xcconfig"; path = "Target Support Files/Pods-WaveCodeTaskTests/Pods-WaveCodeTaskTests.release.xcconfig"; sourceTree = "<group>"; };
		A2F4AAFD476248A6224C426A /* Pods-WaveCodeTask.release.xcconfig */ = {isa = PBXFileReference; includeInIndex = 1; lastKnownFileType = text.xcconfig; name = "Pods-WaveCodeTask.release.xcconfig"; path = "Target Support Files/Pods-WaveCodeTask/Pods-WaveCodeTask.release.xcconfig"; sourceTree = "<group>"; };
		CFDA609D42D7B9558A7EBD4E /* Pods-WaveCodeTask.debug.xcconfig */ = {isa = PBXFileReference; includeInIndex = 1; lastKnownFileType = text.xcconfig; name = "Pods-WaveCodeTask.debug.xcconfig"; path = "Target Support Files/Pods-WaveCodeTask/Pods-WaveCodeTask.debug.xcconfig"; sourceTree = "<group>"; };
		D6BF79BA626EA37A55F29EC5 /* Pods_WaveCodeTask.framework */ = {isa = PBXFileReference; explicitFileType = wrapper.framework; includeInIndex = 0; path = Pods_WaveCodeTask.framework; sourceTree = BUILT_PRODUCTS_DIR; };
		EAA8325B318490A356D9FC14 /* Pods_WaveCodeTaskTests.framework */ = {isa = PBXFileReference; explicitFileType = wrapper.framework; includeInIndex = 0; path = Pods_WaveCodeTaskTests.framework; sourceTree = BUILT_PRODUCTS_DIR; };
/* End PBXFileReference section */

/* Begin PBXFrameworksBuildPhase section */
		4984E69026EC98F60064BEDE /* Frameworks */ = {
			isa = PBXFrameworksBuildPhase;
			buildActionMask = 2147483647;
			files = (
				18D6AB7643C44E0D7DA4A0E1 /* Pods_WaveCodeTask.framework in Frameworks */,
			);
			runOnlyForDeploymentPostprocessing = 0;
		};
		4984E6A626EC98F80064BEDE /* Frameworks */ = {
			isa = PBXFrameworksBuildPhase;
			buildActionMask = 2147483647;
			files = (
				46EAD39F736BE63E48C77E74 /* Pods_WaveCodeTaskTests.framework in Frameworks */,
			);
			runOnlyForDeploymentPostprocessing = 0;
		};
/* End PBXFrameworksBuildPhase section */

/* Begin PBXGroup section */
		0827F2A879C5E3317B67186F /* Frameworks */ = {
			isa = PBXGroup;
			children = (
				D6BF79BA626EA37A55F29EC5 /* Pods_WaveCodeTask.framework */,
				EAA8325B318490A356D9FC14 /* Pods_WaveCodeTaskTests.framework */,
			);
			name = Frameworks;
			sourceTree = "<group>";
		};
		4984E68A26EC98F60064BEDE = {
			isa = PBXGroup;
			children = (
				4984E69526EC98F60064BEDE /* WaveCodeTask */,
				4984E6AC26EC98F80064BEDE /* WaveCodeTaskTests */,
				4984E69426EC98F60064BEDE /* Products */,
				9D4484BFAB7227B2B4242077 /* Pods */,
				0827F2A879C5E3317B67186F /* Frameworks */,
			);
			sourceTree = "<group>";
		};
		4984E69426EC98F60064BEDE /* Products */ = {
			isa = PBXGroup;
			children = (
				4984E69326EC98F60064BEDE /* WaveCodeTask.app */,
				4984E6A926EC98F80064BEDE /* WaveCodeTaskTests.xctest */,
			);
			name = Products;
			sourceTree = "<group>";
		};
		4984E69526EC98F60064BEDE /* WaveCodeTask */ = {
			isa = PBXGroup;
			children = (
				4984E6CA26ECA0A10064BEDE /* Network */,
				4984E69626EC98F60064BEDE /* AppDelegate.swift */,
				4984E69A26EC98F60064BEDE /* ViewController.swift */,
				4984E69F26EC98F70064BEDE /* Assets.xcassets */,
				4984E6A126EC98F70064BEDE /* LaunchScreen.storyboard */,
				4984E6A426EC98F70064BEDE /* Info.plist */,
			);
			path = WaveCodeTask;
			sourceTree = "<group>";
		};
		4984E6AC26EC98F80064BEDE /* WaveCodeTaskTests */ = {
			isa = PBXGroup;
			children = (
				4984E6C926ECA0830064BEDE /* Networking */,
				4984E6C626EC9DCE0064BEDE /* AppDelegate */,
				4984E6AF26EC98F80064BEDE /* Info.plist */,
			);
			path = WaveCodeTaskTests;
			sourceTree = "<group>";
		};
		4984E6C626EC9DCE0064BEDE /* AppDelegate */ = {
			isa = PBXGroup;
			children = (
				4984E6C726EC9E230064BEDE /* AppDelegateTests.swift */,
			);
			path = AppDelegate;
			sourceTree = "<group>";
		};
		4984E6C926ECA0830064BEDE /* Networking */ = {
			isa = PBXGroup;
			children = (
			);
			path = Networking;
			sourceTree = "<group>";
		};
		4984E6CA26ECA0A10064BEDE /* Network */ = {
			isa = PBXGroup;
			children = (
				4984E6D826EDB9630064BEDE /* API */,
				4984E6CE26ECA14B0064BEDE /* Manager */,
				4984E6CB26ECA0E20064BEDE /* Models */,
			);
			path = Network;
			sourceTree = "<group>";
		};
		4984E6CB26ECA0E20064BEDE /* Models */ = {
			isa = PBXGroup;
			children = (
				4984E6CC26ECA0F10064BEDE /* User.swift */,
				4984E6D326EDB83B0064BEDE /* GithubSearchResult.swift */,
				4984E6D526EDB8570064BEDE /* PageInfo.swift */,
			);
			path = Models;
			sourceTree = "<group>";
		};
		4984E6CE26ECA14B0064BEDE /* Manager */ = {
			isa = PBXGroup;
			children = (
				4984E6CF26ECA1730064BEDE /* GitHubAPI.swift */,
				4984E6D126EDB7990064BEDE /* APIManager.swift */,
			);
			path = Manager;
			sourceTree = "<group>";
		};
		4984E6D826EDB9630064BEDE /* API */ = {
			isa = PBXGroup;
			children = (
				4984E6DB26EDBC0F0064BEDE /* Helpers */,
				4984E6D926EDB9780064BEDE /* APIManager+Search.swift */,
			);
			path = API;
			sourceTree = "<group>";
		};
		4984E6DB26EDBC0F0064BEDE /* Helpers */ = {
			isa = PBXGroup;
			children = (
				4984E6DC26EDBC230064BEDE /* APIManager+Observables.swift */,
				4984E6DE26EDC4D90064BEDE /* ParserHelper.swift */,
				4984E6E026EDD0DD0064BEDE /* GitHubServiceError.swift */,
			);
			path = Helpers;
			sourceTree = "<group>";
		};
		9D4484BFAB7227B2B4242077 /* Pods */ = {
			isa = PBXGroup;
			children = (
				CFDA609D42D7B9558A7EBD4E /* Pods-WaveCodeTask.debug.xcconfig */,
				A2F4AAFD476248A6224C426A /* Pods-WaveCodeTask.release.xcconfig */,
				10A23C6D89950CC9DBF322DB /* Pods-WaveCodeTaskTests.debug.xcconfig */,
				498A3D37B30741F23218B53A /* Pods-WaveCodeTaskTests.release.xcconfig */,
			);
			path = Pods;
			sourceTree = "<group>";
		};
/* End PBXGroup section */

/* Begin PBXNativeTarget section */
		4984E69226EC98F60064BEDE /* WaveCodeTask */ = {
			isa = PBXNativeTarget;
			buildConfigurationList = 4984E6BD26EC98F80064BEDE /* Build configuration list for PBXNativeTarget "WaveCodeTask" */;
			buildPhases = (
				71F8FF17B994BF56DC73FDD8 /* [CP] Check Pods Manifest.lock */,
				4984E68F26EC98F60064BEDE /* Sources */,
				4984E69026EC98F60064BEDE /* Frameworks */,
				4984E69126EC98F60064BEDE /* Resources */,
				A8816736CC4FC793956F33CC /* [CP] Embed Pods Frameworks */,
			);
			buildRules = (
			);
			dependencies = (
			);
			name = WaveCodeTask;
			productName = WaveCodeTask;
			productReference = 4984E69326EC98F60064BEDE /* WaveCodeTask.app */;
			productType = "com.apple.product-type.application";
		};
		4984E6A826EC98F80064BEDE /* WaveCodeTaskTests */ = {
			isa = PBXNativeTarget;
			buildConfigurationList = 4984E6C026EC98F80064BEDE /* Build configuration list for PBXNativeTarget "WaveCodeTaskTests" */;
			buildPhases = (
				19065F7D527B5820CFEF5DF6 /* [CP] Check Pods Manifest.lock */,
				4984E6A526EC98F80064BEDE /* Sources */,
				4984E6A626EC98F80064BEDE /* Frameworks */,
				4984E6A726EC98F80064BEDE /* Resources */,
				757D6A3920010D53F6E5FB0B /* [CP] Embed Pods Frameworks */,
			);
			buildRules = (
			);
			dependencies = (
				4984E6AB26EC98F80064BEDE /* PBXTargetDependency */,
			);
			name = WaveCodeTaskTests;
			productName = WaveCodeTaskTests;
			productReference = 4984E6A926EC98F80064BEDE /* WaveCodeTaskTests.xctest */;
			productType = "com.apple.product-type.bundle.unit-test";
		};
/* End PBXNativeTarget section */

/* Begin PBXProject section */
		4984E68B26EC98F60064BEDE /* Project object */ = {
			isa = PBXProject;
			attributes = {
				LastSwiftUpdateCheck = 1250;
				LastUpgradeCheck = 1250;
				TargetAttributes = {
					4984E69226EC98F60064BEDE = {
						CreatedOnToolsVersion = 12.5;
					};
					4984E6A826EC98F80064BEDE = {
						CreatedOnToolsVersion = 12.5;
						LastSwiftMigration = 1250;
						TestTargetID = 4984E69226EC98F60064BEDE;
					};
				};
			};
			buildConfigurationList = 4984E68E26EC98F60064BEDE /* Build configuration list for PBXProject "WaveCodeTask" */;
			compatibilityVersion = "Xcode 9.3";
			developmentRegion = en;
			hasScannedForEncodings = 0;
			knownRegions = (
				en,
				Base,
			);
			mainGroup = 4984E68A26EC98F60064BEDE;
			productRefGroup = 4984E69426EC98F60064BEDE /* Products */;
			projectDirPath = "";
			projectRoot = "";
			targets = (
				4984E69226EC98F60064BEDE /* WaveCodeTask */,
				4984E6A826EC98F80064BEDE /* WaveCodeTaskTests */,
			);
		};
/* End PBXProject section */

/* Begin PBXResourcesBuildPhase section */
		4984E69126EC98F60064BEDE /* Resources */ = {
			isa = PBXResourcesBuildPhase;
			buildActionMask = 2147483647;
			files = (
				4984E6A326EC98F70064BEDE /* LaunchScreen.storyboard in Resources */,
				4984E6A026EC98F70064BEDE /* Assets.xcassets in Resources */,
			);
			runOnlyForDeploymentPostprocessing = 0;
		};
		4984E6A726EC98F80064BEDE /* Resources */ = {
			isa = PBXResourcesBuildPhase;
			buildActionMask = 2147483647;
			files = (
			);
			runOnlyForDeploymentPostprocessing = 0;
		};
/* End PBXResourcesBuildPhase section */

/* Begin PBXShellScriptBuildPhase section */
		19065F7D527B5820CFEF5DF6 /* [CP] Check Pods Manifest.lock */ = {
			isa = PBXShellScriptBuildPhase;
			buildActionMask = 2147483647;
			files = (
			);
			inputFileListPaths = (
			);
			inputPaths = (
				"${PODS_PODFILE_DIR_PATH}/Podfile.lock",
				"${PODS_ROOT}/Manifest.lock",
			);
			name = "[CP] Check Pods Manifest.lock";
			outputFileListPaths = (
			);
			outputPaths = (
				"$(DERIVED_FILE_DIR)/Pods-WaveCodeTaskTests-checkManifestLockResult.txt",
			);
			runOnlyForDeploymentPostprocessing = 0;
			shellPath = /bin/sh;
			shellScript = "diff \"${PODS_PODFILE_DIR_PATH}/Podfile.lock\" \"${PODS_ROOT}/Manifest.lock\" > /dev/null\nif [ $? != 0 ] ; then\n    # print error to STDERR\n    echo \"error: The sandbox is not in sync with the Podfile.lock. Run 'pod install' or update your CocoaPods installation.\" >&2\n    exit 1\nfi\n# This output is used by Xcode 'outputs' to avoid re-running this script phase.\necho \"SUCCESS\" > \"${SCRIPT_OUTPUT_FILE_0}\"\n";
			showEnvVarsInLog = 0;
		};
		71F8FF17B994BF56DC73FDD8 /* [CP] Check Pods Manifest.lock */ = {
			isa = PBXShellScriptBuildPhase;
			buildActionMask = 2147483647;
			files = (
			);
			inputFileListPaths = (
			);
			inputPaths = (
				"${PODS_PODFILE_DIR_PATH}/Podfile.lock",
				"${PODS_ROOT}/Manifest.lock",
			);
			name = "[CP] Check Pods Manifest.lock";
			outputFileListPaths = (
			);
			outputPaths = (
				"$(DERIVED_FILE_DIR)/Pods-WaveCodeTask-checkManifestLockResult.txt",
			);
			runOnlyForDeploymentPostprocessing = 0;
			shellPath = /bin/sh;
			shellScript = "diff \"${PODS_PODFILE_DIR_PATH}/Podfile.lock\" \"${PODS_ROOT}/Manifest.lock\" > /dev/null\nif [ $? != 0 ] ; then\n    # print error to STDERR\n    echo \"error: The sandbox is not in sync with the Podfile.lock. Run 'pod install' or update your CocoaPods installation.\" >&2\n    exit 1\nfi\n# This output is used by Xcode 'outputs' to avoid re-running this script phase.\necho \"SUCCESS\" > \"${SCRIPT_OUTPUT_FILE_0}\"\n";
			showEnvVarsInLog = 0;
		};
		757D6A3920010D53F6E5FB0B /* [CP] Embed Pods Frameworks */ = {
			isa = PBXShellScriptBuildPhase;
			buildActionMask = 2147483647;
			files = (
			);
			inputFileListPaths = (
				"${PODS_ROOT}/Target Support Files/Pods-WaveCodeTaskTests/Pods-WaveCodeTaskTests-frameworks-${CONFIGURATION}-input-files.xcfilelist",
			);
			name = "[CP] Embed Pods Frameworks";
			outputFileListPaths = (
				"${PODS_ROOT}/Target Support Files/Pods-WaveCodeTaskTests/Pods-WaveCodeTaskTests-frameworks-${CONFIGURATION}-output-files.xcfilelist",
			);
			runOnlyForDeploymentPostprocessing = 0;
			shellPath = /bin/sh;
			shellScript = "\"${PODS_ROOT}/Target Support Files/Pods-WaveCodeTaskTests/Pods-WaveCodeTaskTests-frameworks.sh\"\n";
			showEnvVarsInLog = 0;
		};
		A8816736CC4FC793956F33CC /* [CP] Embed Pods Frameworks */ = {
			isa = PBXShellScriptBuildPhase;
			buildActionMask = 2147483647;
			files = (
			);
			inputFileListPaths = (
				"${PODS_ROOT}/Target Support Files/Pods-WaveCodeTask/Pods-WaveCodeTask-frameworks-${CONFIGURATION}-input-files.xcfilelist",
			);
			name = "[CP] Embed Pods Frameworks";
			outputFileListPaths = (
				"${PODS_ROOT}/Target Support Files/Pods-WaveCodeTask/Pods-WaveCodeTask-frameworks-${CONFIGURATION}-output-files.xcfilelist",
			);
			runOnlyForDeploymentPostprocessing = 0;
			shellPath = /bin/sh;
			shellScript = "\"${PODS_ROOT}/Target Support Files/Pods-WaveCodeTask/Pods-WaveCodeTask-frameworks.sh\"\n";
			showEnvVarsInLog = 0;
		};
/* End PBXShellScriptBuildPhase section */

/* Begin PBXSourcesBuildPhase section */
		4984E68F26EC98F60064BEDE /* Sources */ = {
			isa = PBXSourcesBuildPhase;
			buildActionMask = 2147483647;
			files = (
				4984E6DA26EDB9780064BEDE /* APIManager+Search.swift in Sources */,
				4984E6D226EDB7990064BEDE /* APIManager.swift in Sources */,
				4984E6DD26EDBC230064BEDE /* APIManager+Observables.swift in Sources */,
				4984E69B26EC98F60064BEDE /* ViewController.swift in Sources */,
				4984E6D626EDB8570064BEDE /* PageInfo.swift in Sources */,
				4984E6D426EDB83B0064BEDE /* GithubSearchResult.swift in Sources */,
				4984E6DF26EDC4D90064BEDE /* ParserHelper.swift in Sources */,
				4984E6E126EDD0DD0064BEDE /* GitHubServiceError.swift in Sources */,
				4984E6D026ECA1730064BEDE /* GitHubAPI.swift in Sources */,
				4984E69726EC98F60064BEDE /* AppDelegate.swift in Sources */,
				4984E6D726EDB8990064BEDE /* User.swift in Sources */,
			);
			runOnlyForDeploymentPostprocessing = 0;
		};
		4984E6A526EC98F80064BEDE /* Sources */ = {
			isa = PBXSourcesBuildPhase;
			buildActionMask = 2147483647;
			files = (
				4984E6C826EC9E230064BEDE /* AppDelegateTests.swift in Sources */,
			);
			runOnlyForDeploymentPostprocessing = 0;
		};
/* End PBXSourcesBuildPhase section */

/* Begin PBXTargetDependency section */
		4984E6AB26EC98F80064BEDE /* PBXTargetDependency */ = {
			isa = PBXTargetDependency;
			target = 4984E69226EC98F60064BEDE /* WaveCodeTask */;
			targetProxy = 4984E6AA26EC98F80064BEDE /* PBXContainerItemProxy */;
		};
/* End PBXTargetDependency section */

/* Begin PBXVariantGroup section */
		4984E6A126EC98F70064BEDE /* LaunchScreen.storyboard */ = {
			isa = PBXVariantGroup;
			children = (
				4984E6A226EC98F70064BEDE /* Base */,
			);
			name = LaunchScreen.storyboard;
			sourceTree = "<group>";
		};
/* End PBXVariantGroup section */

/* Begin XCBuildConfiguration section */
		4984E6BB26EC98F80064BEDE /* Debug */ = {
			isa = XCBuildConfiguration;
			buildSettings = {
				ALWAYS_SEARCH_USER_PATHS = NO;
				CLANG_ANALYZER_NONNULL = YES;
				CLANG_ANALYZER_NUMBER_OBJECT_CONVERSION = YES_AGGRESSIVE;
				CLANG_CXX_LANGUAGE_STANDARD = "gnu++14";
				CLANG_CXX_LIBRARY = "libc++";
				CLANG_ENABLE_MODULES = YES;
				CLANG_ENABLE_OBJC_ARC = YES;
				CLANG_ENABLE_OBJC_WEAK = YES;
				CLANG_WARN_BLOCK_CAPTURE_AUTORELEASING = YES;
				CLANG_WARN_BOOL_CONVERSION = YES;
				CLANG_WARN_COMMA = YES;
				CLANG_WARN_CONSTANT_CONVERSION = YES;
				CLANG_WARN_DEPRECATED_OBJC_IMPLEMENTATIONS = YES;
				CLANG_WARN_DIRECT_OBJC_ISA_USAGE = YES_ERROR;
				CLANG_WARN_DOCUMENTATION_COMMENTS = YES;
				CLANG_WARN_EMPTY_BODY = YES;
				CLANG_WARN_ENUM_CONVERSION = YES;
				CLANG_WARN_INFINITE_RECURSION = YES;
				CLANG_WARN_INT_CONVERSION = YES;
				CLANG_WARN_NON_LITERAL_NULL_CONVERSION = YES;
				CLANG_WARN_OBJC_IMPLICIT_RETAIN_SELF = YES;
				CLANG_WARN_OBJC_LITERAL_CONVERSION = YES;
				CLANG_WARN_OBJC_ROOT_CLASS = YES_ERROR;
				CLANG_WARN_QUOTED_INCLUDE_IN_FRAMEWORK_HEADER = YES;
				CLANG_WARN_RANGE_LOOP_ANALYSIS = YES;
				CLANG_WARN_STRICT_PROTOTYPES = YES;
				CLANG_WARN_SUSPICIOUS_MOVE = YES;
				CLANG_WARN_UNGUARDED_AVAILABILITY = YES_AGGRESSIVE;
				CLANG_WARN_UNREACHABLE_CODE = YES;
				CLANG_WARN__DUPLICATE_METHOD_MATCH = YES;
				COPY_PHASE_STRIP = NO;
				DEBUG_INFORMATION_FORMAT = dwarf;
				ENABLE_STRICT_OBJC_MSGSEND = YES;
				ENABLE_TESTABILITY = YES;
				GCC_C_LANGUAGE_STANDARD = gnu11;
				GCC_DYNAMIC_NO_PIC = NO;
				GCC_NO_COMMON_BLOCKS = YES;
				GCC_OPTIMIZATION_LEVEL = 0;
				GCC_PREPROCESSOR_DEFINITIONS = (
					"DEBUG=1",
					"$(inherited)",
				);
				GCC_WARN_64_TO_32_BIT_CONVERSION = YES;
				GCC_WARN_ABOUT_RETURN_TYPE = YES_ERROR;
				GCC_WARN_UNDECLARED_SELECTOR = YES;
				GCC_WARN_UNINITIALIZED_AUTOS = YES_AGGRESSIVE;
				GCC_WARN_UNUSED_FUNCTION = YES;
				GCC_WARN_UNUSED_VARIABLE = YES;
				IPHONEOS_DEPLOYMENT_TARGET = 14.5;
				MTL_ENABLE_DEBUG_INFO = INCLUDE_SOURCE;
				MTL_FAST_MATH = YES;
				ONLY_ACTIVE_ARCH = YES;
				SDKROOT = iphoneos;
				SWIFT_ACTIVE_COMPILATION_CONDITIONS = DEBUG;
				SWIFT_OPTIMIZATION_LEVEL = "-Onone";
			};
			name = Debug;
		};
		4984E6BC26EC98F80064BEDE /* Release */ = {
			isa = XCBuildConfiguration;
			buildSettings = {
				ALWAYS_SEARCH_USER_PATHS = NO;
				CLANG_ANALYZER_NONNULL = YES;
				CLANG_ANALYZER_NUMBER_OBJECT_CONVERSION = YES_AGGRESSIVE;
				CLANG_CXX_LANGUAGE_STANDARD = "gnu++14";
				CLANG_CXX_LIBRARY = "libc++";
				CLANG_ENABLE_MODULES = YES;
				CLANG_ENABLE_OBJC_ARC = YES;
				CLANG_ENABLE_OBJC_WEAK = YES;
				CLANG_WARN_BLOCK_CAPTURE_AUTORELEASING = YES;
				CLANG_WARN_BOOL_CONVERSION = YES;
				CLANG_WARN_COMMA = YES;
				CLANG_WARN_CONSTANT_CONVERSION = YES;
				CLANG_WARN_DEPRECATED_OBJC_IMPLEMENTATIONS = YES;
				CLANG_WARN_DIRECT_OBJC_ISA_USAGE = YES_ERROR;
				CLANG_WARN_DOCUMENTATION_COMMENTS = YES;
				CLANG_WARN_EMPTY_BODY = YES;
				CLANG_WARN_ENUM_CONVERSION = YES;
				CLANG_WARN_INFINITE_RECURSION = YES;
				CLANG_WARN_INT_CONVERSION = YES;
				CLANG_WARN_NON_LITERAL_NULL_CONVERSION = YES;
				CLANG_WARN_OBJC_IMPLICIT_RETAIN_SELF = YES;
				CLANG_WARN_OBJC_LITERAL_CONVERSION = YES;
				CLANG_WARN_OBJC_ROOT_CLASS = YES_ERROR;
				CLANG_WARN_QUOTED_INCLUDE_IN_FRAMEWORK_HEADER = YES;
				CLANG_WARN_RANGE_LOOP_ANALYSIS = YES;
				CLANG_WARN_STRICT_PROTOTYPES = YES;
				CLANG_WARN_SUSPICIOUS_MOVE = YES;
				CLANG_WARN_UNGUARDED_AVAILABILITY = YES_AGGRESSIVE;
				CLANG_WARN_UNREACHABLE_CODE = YES;
				CLANG_WARN__DUPLICATE_METHOD_MATCH = YES;
				COPY_PHASE_STRIP = NO;
				DEBUG_INFORMATION_FORMAT = "dwarf-with-dsym";
				ENABLE_NS_ASSERTIONS = NO;
				ENABLE_STRICT_OBJC_MSGSEND = YES;
				GCC_C_LANGUAGE_STANDARD = gnu11;
				GCC_NO_COMMON_BLOCKS = YES;
				GCC_WARN_64_TO_32_BIT_CONVERSION = YES;
				GCC_WARN_ABOUT_RETURN_TYPE = YES_ERROR;
				GCC_WARN_UNDECLARED_SELECTOR = YES;
				GCC_WARN_UNINITIALIZED_AUTOS = YES_AGGRESSIVE;
				GCC_WARN_UNUSED_FUNCTION = YES;
				GCC_WARN_UNUSED_VARIABLE = YES;
				IPHONEOS_DEPLOYMENT_TARGET = 14.5;
				MTL_ENABLE_DEBUG_INFO = NO;
				MTL_FAST_MATH = YES;
				SDKROOT = iphoneos;
				SWIFT_COMPILATION_MODE = wholemodule;
				SWIFT_OPTIMIZATION_LEVEL = "-O";
				VALIDATE_PRODUCT = YES;
			};
			name = Release;
		};
		4984E6BE26EC98F80064BEDE /* Debug */ = {
			isa = XCBuildConfiguration;
			baseConfigurationReference = CFDA609D42D7B9558A7EBD4E /* Pods-WaveCodeTask.debug.xcconfig */;
			buildSettings = {
				ASSETCATALOG_COMPILER_APPICON_NAME = AppIcon;
				ASSETCATALOG_COMPILER_GLOBAL_ACCENT_COLOR_NAME = AccentColor;
				CODE_SIGN_STYLE = Automatic;
				DEVELOPMENT_TEAM = 6LL6SWW7S3;
				INFOPLIST_FILE = WaveCodeTask/Info.plist;
				IPHONEOS_DEPLOYMENT_TARGET = 12.0;
				LD_RUNPATH_SEARCH_PATHS = (
					"$(inherited)",
					"@executable_path/Frameworks",
				);
				PRODUCT_BUNDLE_IDENTIFIER = com.GanNaSong.WaveCodeTask;
				PRODUCT_NAME = "$(TARGET_NAME)";
				SWIFT_VERSION = 5.0;
				TARGETED_DEVICE_FAMILY = 1;
			};
			name = Debug;
		};
		4984E6BF26EC98F80064BEDE /* Release */ = {
			isa = XCBuildConfiguration;
			baseConfigurationReference = A2F4AAFD476248A6224C426A /* Pods-WaveCodeTask.release.xcconfig */;
			buildSettings = {
				ASSETCATALOG_COMPILER_APPICON_NAME = AppIcon;
				ASSETCATALOG_COMPILER_GLOBAL_ACCENT_COLOR_NAME = AccentColor;
				CODE_SIGN_STYLE = Automatic;
				DEVELOPMENT_TEAM = 6LL6SWW7S3;
				INFOPLIST_FILE = WaveCodeTask/Info.plist;
				IPHONEOS_DEPLOYMENT_TARGET = 12.0;
				LD_RUNPATH_SEARCH_PATHS = (
					"$(inherited)",
					"@executable_path/Frameworks",
				);
				PRODUCT_BUNDLE_IDENTIFIER = com.GanNaSong.WaveCodeTask;
				PRODUCT_NAME = "$(TARGET_NAME)";
				SWIFT_VERSION = 5.0;
				TARGETED_DEVICE_FAMILY = 1;
			};
			name = Release;
		};
		4984E6C126EC98F80064BEDE /* Debug */ = {
			isa = XCBuildConfiguration;
			baseConfigurationReference = 10A23C6D89950CC9DBF322DB /* Pods-WaveCodeTaskTests.debug.xcconfig */;
			buildSettings = {
				ALWAYS_EMBED_SWIFT_STANDARD_LIBRARIES = YES;
				BUNDLE_LOADER = "$(TEST_HOST)";
				CLANG_ENABLE_MODULES = YES;
				CODE_SIGN_STYLE = Automatic;
				DEVELOPMENT_TEAM = 6LL6SWW7S3;
				INFOPLIST_FILE = WaveCodeTaskTests/Info.plist;
				IPHONEOS_DEPLOYMENT_TARGET = 14.5;
				LD_RUNPATH_SEARCH_PATHS = (
					"$(inherited)",
					"@executable_path/Frameworks",
					"@loader_path/Frameworks",
				);
				PRODUCT_BUNDLE_IDENTIFIER = com.GanNaSong.WaveCodeTaskTests;
				PRODUCT_NAME = "$(TARGET_NAME)";
				SWIFT_OPTIMIZATION_LEVEL = "-Onone";
				SWIFT_VERSION = 5.0;
				TARGETED_DEVICE_FAMILY = "1,2";
				TEST_HOST = "$(BUILT_PRODUCTS_DIR)/WaveCodeTask.app/WaveCodeTask";
			};
			name = Debug;
		};
		4984E6C226EC98F80064BEDE /* Release */ = {
			isa = XCBuildConfiguration;
			baseConfigurationReference = 498A3D37B30741F23218B53A /* Pods-WaveCodeTaskTests.release.xcconfig */;
			buildSettings = {
				ALWAYS_EMBED_SWIFT_STANDARD_LIBRARIES = YES;
				BUNDLE_LOADER = "$(TEST_HOST)";
				CLANG_ENABLE_MODULES = YES;
				CODE_SIGN_STYLE = Automatic;
				DEVELOPMENT_TEAM = 6LL6SWW7S3;
				INFOPLIST_FILE = WaveCodeTaskTests/Info.plist;
				IPHONEOS_DEPLOYMENT_TARGET = 14.5;
				LD_RUNPATH_SEARCH_PATHS = (
					"$(inherited)",
					"@executable_path/Frameworks",
					"@loader_path/Frameworks",
				);
				PRODUCT_BUNDLE_IDENTIFIER = com.GanNaSong.WaveCodeTaskTests;
				PRODUCT_NAME = "$(TARGET_NAME)";
				SWIFT_VERSION = 5.0;
				TARGETED_DEVICE_FAMILY = "1,2";
				TEST_HOST = "$(BUILT_PRODUCTS_DIR)/WaveCodeTask.app/WaveCodeTask";
			};
			name = Release;
		};
/* End XCBuildConfiguration section */

/* Begin XCConfigurationList section */
		4984E68E26EC98F60064BEDE /* Build configuration list for PBXProject "WaveCodeTask" */ = {
			isa = XCConfigurationList;
			buildConfigurations = (
				4984E6BB26EC98F80064BEDE /* Debug */,
				4984E6BC26EC98F80064BEDE /* Release */,
			);
			defaultConfigurationIsVisible = 0;
			defaultConfigurationName = Release;
		};
		4984E6BD26EC98F80064BEDE /* Build configuration list for PBXNativeTarget "WaveCodeTask" */ = {
			isa = XCConfigurationList;
			buildConfigurations = (
				4984E6BE26EC98F80064BEDE /* Debug */,
				4984E6BF26EC98F80064BEDE /* Release */,
			);
			defaultConfigurationIsVisible = 0;
			defaultConfigurationName = Release;
		};
		4984E6C026EC98F80064BEDE /* Build configuration list for PBXNativeTarget "WaveCodeTaskTests" */ = {
			isa = XCConfigurationList;
			buildConfigurations = (
				4984E6C126EC98F80064BEDE /* Debug */,
				4984E6C226EC98F80064BEDE /* Release */,
			);
			defaultConfigurationIsVisible = 0;
			defaultConfigurationName = Release;
		};
/* End XCConfigurationList section */
	};
	rootObject = 4984E68B26EC98F60064BEDE /* Project object */;
}
